
Microsoft Visual Studio Solution File, Format Version 12.00
# Visual Studio 15
VisualStudioVersion = 15.0.27428.2011
MinimumVisualStudioVersion = 10.0.40219.1
Project("{FAE04EC0-301F-11D3-BF4B-00C04F79EFBC}") = "GitCommandTest", "GitCommandTest\GitCommandTest.csproj", "{A6073AEC-9A95-4500-8E09-1BC98332776B}"
EndProject
Global
	GlobalSection(SolutionConfigurationPlatforms) = preSolution
		Debug|Any CPU = Debug|Any CPU
		Release|Any CPU = Release|Any CPU
	EndGlobalSection
	GlobalSection(ProjectConfigurationPlatforms) = postSolution
		{A6073AEC-9A95-4500-8E09-1BC98332776B}.Debug|Any CPU.ActiveCfg = Debug|Any CPU
		{A6073AEC-9A95-4500-8E09-1BC98332776B}.Debug|Any CPU.Build.0 = Debug|Any CPU
		{A6073AEC-9A95-4500-8E09-1BC98332776B}.Release|Any CPU.ActiveCfg = Release|Any CPU
		{A6073AEC-9A95-4500-8E09-1BC98332776B}.Release|Any CPU.Build.0 = Release|Any CPU
	EndGlobalSection
	GlobalSection(SolutionProperties) = preSolution
		HideSolutionNode = FALSE
	EndGlobalSection
	GlobalSection(ExtensibilityGlobals) = postSolution
		SolutionGuid = {1E39F1FF-5B28-4403-A7BA-A13A3FABB338}
	EndGlobalSection
EndGlobal
